
Microsoft Visual Studio Solution File, Format Version 12.00
# Visual Studio 15
VisualStudioVersion = 15.0.28307.168
MinimumVisualStudioVersion = 10.0.40219.1
Project("{FAE04EC0-301F-11D3-BF4B-00C04F79EFBC}") = "CreditCardCalculator", "CreditCardCalculator\CreditCardCalculator.csproj", "{ACDD4C55-9F5B-4DBF-B669-0764D2828B9B}"
EndProject
Project("{FAE04EC0-301F-11D3-BF4B-00C04F79EFBC}") = "CreditCardCalculatorTests", "CreditCardCalculatorTests\CreditCardCalculatorTests.csproj", "{63CE0AEC-A4D5-41A3-9DA4-241C78F8FDB0}"
EndProject
Global
	GlobalSection(SolutionConfigurationPlatforms) = preSolution
		Debug|Any CPU = Debug|Any CPU
		Release|Any CPU = Release|Any CPU
	EndGlobalSection
	GlobalSection(ProjectConfigurationPlatforms) = postSolution
		{ACDD4C55-9F5B-4DBF-B669-0764D2828B9B}.Debug|Any CPU.ActiveCfg = Debug|Any CPU
		{ACDD4C55-9F5B-4DBF-B669-0764D2828B9B}.Debug|Any CPU.Build.0 = Debug|Any CPU
		{ACDD4C55-9F5B-4DBF-B669-0764D2828B9B}.Release|Any CPU.ActiveCfg = Release|Any CPU
		{ACDD4C55-9F5B-4DBF-B669-0764D2828B9B}.Release|Any CPU.Build.0 = Release|Any CPU
		{63CE0AEC-A4D5-41A3-9DA4-241C78F8FDB0}.Debug|Any CPU.ActiveCfg = Debug|Any CPU
		{63CE0AEC-A4D5-41A3-9DA4-241C78F8FDB0}.Debug|Any CPU.Build.0 = Debug|Any CPU
		{63CE0AEC-A4D5-41A3-9DA4-241C78F8FDB0}.Release|Any CPU.ActiveCfg = Release|Any CPU
		{63CE0AEC-A4D5-41A3-9DA4-241C78F8FDB0}.Release|Any CPU.Build.0 = Release|Any CPU
	EndGlobalSection
	GlobalSection(SolutionProperties) = preSolution
		HideSolutionNode = FALSE
	EndGlobalSection
	GlobalSection(ExtensibilityGlobals) = postSolution
		SolutionGuid = {6F4D3A4B-CD82-4ABD-A963-50C6D73F0D64}
	EndGlobalSection
EndGlobal
